{
  "version": 4,
  "terraform_version": "1.4.5",
  "serial": 213,
  "lineage": "8e6c7aee-a60a-b97e-36bf-fa1b934446df",
  "outputs": {},
  "resources": [
    {
      "mode": "managed",
      "type": "aws_instance",
      "name": "team2_final_assignment2",
      "provider": "provider[\"registry.terraform.io/hashicorp/aws\"]",
      "instances": [
        {
          "status": "tainted",
          "schema_version": 1,
          "attributes": {
            "ami": "ami-064087b8d355e9051",
            "arn": "arn:aws:ec2:eu-north-1:292346113978:instance/i-08639b6a77cec4cbc",
            "associate_public_ip_address": true,
            "availability_zone": "eu-north-1c",
            "capacity_reservation_specification": [
              {
                "capacity_reservation_preference": "open",
                "capacity_reservation_target": []
              }
            ],
            "cpu_core_count": 1,
            "cpu_threads_per_core": 2,
            "credit_specification": [
              {
                "cpu_credits": "unlimited"
              }
            ],
            "disable_api_stop": false,
            "disable_api_termination": false,
            "ebs_block_device": [],
            "ebs_optimized": false,
            "enclave_options": [
              {
                "enabled": false
              }
            ],
            "ephemeral_block_device": [],
            "get_password_data": false,
            "hibernation": false,
            "host_id": "",
            "host_resource_group_arn": null,
            "iam_instance_profile": "",
            "id": "i-08639b6a77cec4cbc",
            "instance_initiated_shutdown_behavior": "stop",
            "instance_state": "running",
            "instance_type": "t3.micro",
            "ipv6_address_count": 0,
            "ipv6_addresses": [],
            "key_name": "team2_key_pair2",
            "launch_template": [],
            "maintenance_options": [
              {
                "auto_recovery": "default"
              }
            ],
            "metadata_options": [
              {
                "http_endpoint": "enabled",
                "http_put_response_hop_limit": 1,
                "http_tokens": "optional",
                "instance_metadata_tags": "disabled"
              }
            ],
            "monitoring": false,
            "network_interface": [],
            "outpost_arn": "",
            "password_data": "",
            "placement_group": "",
            "placement_partition_number": 0,
            "primary_network_interface_id": "eni-0b79a837e920aa95e",
            "private_dns": "ip-172-31-7-35.eu-north-1.compute.internal",
            "private_dns_name_options": [
              {
                "enable_resource_name_dns_a_record": false,
                "enable_resource_name_dns_aaaa_record": false,
                "hostname_type": "ip-name"
              }
            ],
            "private_ip": "172.31.7.35",
            "public_dns": "ec2-16-16-141-90.eu-north-1.compute.amazonaws.com",
            "public_ip": "16.16.141.90",
            "root_block_device": [
              {
                "delete_on_termination": true,
                "device_name": "/dev/sda1",
                "encrypted": false,
                "iops": 100,
                "kms_key_id": "",
                "tags": {},
                "throughput": 0,
                "volume_id": "vol-0984cce9b0cc3cb3e",
                "volume_size": 8,
                "volume_type": "gp2"
              }
            ],
            "secondary_private_ips": [],
            "security_groups": [
              "team2_security_group"
            ],
            "source_dest_check": true,
            "subnet_id": "subnet-0387642dbc329293d",
            "tags": {
              "Name": "team2_instance"
            },
            "tags_all": {
              "Name": "team2_instance"
            },
            "tenancy": "default",
            "timeouts": null,
            "user_data": null,
            "user_data_base64": null,
            "user_data_replace_on_change": false,
            "volume_tags": null,
            "vpc_security_group_ids": [
              "sg-0c5a226fe41ad8b14"
            ]
          },
          "sensitive_attributes": [],
          "private": "eyJlMmJmYjczMC1lY2FhLTExZTYtOGY4OC0zNDM2M2JjN2M0YzAiOnsiY3JlYXRlIjo2MDAwMDAwMDAwMDAsImRlbGV0ZSI6MTIwMDAwMDAwMDAwMCwidXBkYXRlIjo2MDAwMDAwMDAwMDB9LCJzY2hlbWFfdmVyc2lvbiI6IjEifQ==",
          "dependencies": [
            "aws_key_pair.team2_final_assignment_key_pair",
            "aws_security_group.team2_final_assignment_security_group"
          ]
        }
      ]
    },
    {
      "mode": "managed",
      "type": "aws_key_pair",
      "name": "team2_final_assignment_key_pair",
      "provider": "provider[\"registry.terraform.io/hashicorp/aws\"]",
      "instances": [
        {
          "schema_version": 1,
          "attributes": {
            "arn": "arn:aws:ec2:eu-north-1:292346113978:key-pair/team2_key_pair2",
            "fingerprint": "c1:0b:c7:05:49:82:26:98:ab:e9:4b:b6:16:b0:c4:74",
            "id": "team2_key_pair2",
            "key_name": "team2_key_pair2",
            "key_name_prefix": "",
            "key_pair_id": "key-075f7c0fb8d593b84",
            "key_type": "rsa",
            "public_key": "ssh-rsa AAAAB3NzaC1yc2EAAAADAQABAAACAQCzQmU4QUNfU8r6DwPc8zxV5dI+utanWNnDZjri61v2F8DHjeUg6F/0UGsQ3XDjgqVVjb67mGJft5r8O3hw7M0Z5NHop1sENbF56tySax5j9HGc9Z2PP2Gy68tvWLdsdP+aupvqgufHHvtDkearAmTumR95Fj7b5nFA2r5WFEe3sBJqp2xlyMQpEfJetdOAdyJTY4YW1vOrU4qt9EcLp3pizFgDDD/yZ0vFNa1wKFWnVzvQTDhEmzUGjUciR/HydvaAZONsm2Nz4/6BBIn5eIrcEyFpSCDbPhR7FIl/twTzH06HUSiP0NM69BDSEqiztPd4ABfUykVRHMhxGA/+PLVh/SJU2aZtLM841kwAyocFWZzdfW70DF8RkfjSRBu3EbL58waC9x7LntqumM197J046UOOD6TRq/x5ezz5L1Acf383NVo+QniEvIyrmT7rQIVIljnZPEWxky7IF6OCMxxVGMoN/bknSjWlbDkHwd6Cgcn2qNVTG4RVRHGa7qE5wE8icrYHuMORSwoNrZvaGpjf1ZZ/KhObFFUDDrLouQDf8oIz0hvzWL6EG9JLpf/DSo5tgAXDeWvR7mD9Vynr2tq8peObRxzUukOiVPtpnNGCpS5mKP0Eq50BRxFSoqXFZDHUBf8XgFJFSWxn5l77I5viA3a/lMv4v98IPEVpOGSn6Q== sgtuser@sgtuser-HP-EliteBook-840-G5",
            "tags": {},
            "tags_all": {}
          },
          "sensitive_attributes": [],
          "private": "eyJzY2hlbWFfdmVyc2lvbiI6IjEifQ=="
        }
      ]
    },
    {
      "mode": "managed",
      "type": "aws_security_group",
      "name": "team2_final_assignment_security_group",
      "provider": "provider[\"registry.terraform.io/hashicorp/aws\"]",
      "instances": [
        {
          "schema_version": 1,
          "attributes": {
            "arn": "arn:aws:ec2:eu-north-1:292346113978:security-group/sg-0c5a226fe41ad8b14",
            "description": "Managed by Terraform",
            "egress": [
              {
                "cidr_blocks": [
                  "0.0.0.0/0"
                ],
                "description": "",
                "from_port": 0,
                "ipv6_cidr_blocks": [],
                "prefix_list_ids": [],
                "protocol": "-1",
                "security_groups": [],
                "self": false,
                "to_port": 0
              }
            ],
            "id": "sg-0c5a226fe41ad8b14",
            "ingress": [
              {
                "cidr_blocks": [
                  "0.0.0.0/0"
                ],
                "description": "",
                "from_port": 22,
                "ipv6_cidr_blocks": [],
                "prefix_list_ids": [],
                "protocol": "tcp",
                "security_groups": [],
                "self": false,
                "to_port": 22
              },
              {
                "cidr_blocks": [
                  "0.0.0.0/0"
                ],
                "description": "",
                "from_port": 8000,
                "ipv6_cidr_blocks": [],
                "prefix_list_ids": [],
                "protocol": "tcp",
                "security_groups": [],
                "self": false,
                "to_port": 8000
              },
              {
                "cidr_blocks": [
                  "0.0.0.0/0"
                ],
                "description": "",
                "from_port": 80,
                "ipv6_cidr_blocks": [],
                "prefix_list_ids": [],
                "protocol": "tcp",
                "security_groups": [],
                "self": false,
                "to_port": 80
              }
            ],
            "name": "team2_security_group",
            "name_prefix": "",
            "owner_id": "292346113978",
            "revoke_rules_on_delete": false,
            "tags": null,
            "tags_all": {},
            "timeouts": null,
            "vpc_id": "vpc-0bad9f58e7f59fa37"
          },
          "sensitive_attributes": [],
          "private": "eyJlMmJmYjczMC1lY2FhLTExZTYtOGY4OC0zNDM2M2JjN2M0YzAiOnsiY3JlYXRlIjo2MDAwMDAwMDAwMDAsImRlbGV0ZSI6OTAwMDAwMDAwMDAwfSwic2NoZW1hX3ZlcnNpb24iOiIxIn0="
        }
      ]
    }
  ],
  "check_results": null
}
